[[package]]
category = "dev"
description = "File support for asyncio."
name = "aiofiles"
optional = false
python-versions = "*"
version = "0.6.0"

[[package]]
category = "main"
description = "Async generators and context managers for Python 3.5+"
name = "async-generator"
optional = false
python-versions = ">=3.5"
version = "1.10"

[[package]]
category = "main"
description = "Atomic file writes."
marker = "sys_platform == \"win32\""
name = "atomicwrites"
optional = false
python-versions = ">=2.7, !=3.0.*, !=3.1.*, !=3.2.*, !=3.3.*"
version = "1.4.0"

[[package]]
category = "main"
description = "Classes Without Boilerplate"
name = "attrs"
optional = false
python-versions = ">=2.7, !=3.0.*, !=3.1.*, !=3.2.*, !=3.3.*"
version = "20.3.0"

[package.extras]
dev = ["coverage (>=5.0.2)", "hypothesis", "pympler", "pytest (>=4.3.0)", "six", "zope.interface", "furo", "sphinx", "pre-commit"]
docs = ["furo", "sphinx", "zope.interface"]
tests = ["coverage (>=5.0.2)", "hypothesis", "pympler", "pytest (>=4.3.0)", "six", "zope.interface"]
tests_no_zope = ["coverage (>=5.0.2)", "hypothesis", "pympler", "pytest (>=4.3.0)", "six"]

[[package]]
category = "main"
description = "Python package for providing Mozilla's CA Bundle."
name = "certifi"
optional = false
python-versions = "*"
version = "2020.12.5"

[[package]]
category = "main"
description = "Cross-platform colored terminal text."
marker = "sys_platform == \"win32\""
name = "colorama"
optional = false
python-versions = ">=2.7, !=3.0.*, !=3.1.*, !=3.2.*, !=3.3.*, !=3.4.*"
version = "0.4.4"

[[package]]
category = "main"
description = "PEP 567 Backport"
marker = "python_version < \"3.7\""
name = "contextvars"
optional = false
python-versions = "*"
version = "2.4"

[package.dependencies]
immutables = ">=0.9"

[[package]]
category = "dev"
description = "Code coverage measurement for Python"
name = "coverage"
optional = false
python-versions = ">=2.7, !=3.0.*, !=3.1.*, !=3.2.*, !=3.3.*, !=3.4.*, <4"
version = "5.4"

[package.extras]
toml = ["toml"]

[[package]]
category = "main"
description = "A pure-Python, bring-your-own-I/O implementation of HTTP/1.1"
name = "h11"
optional = false
python-versions = "*"
version = "0.9.0"

[[package]]
category = "main"
description = "A minimal low-level HTTP client."
name = "httpcore"
optional = false
python-versions = ">=3.6"
version = "0.11.1"

[package.dependencies]
h11 = ">=0.8,<0.10"
sniffio = ">=1.0.0,<2.0.0"

[package.extras]
http2 = ["h2 (>=3.0.0,<4.0.0)"]

[[package]]
category = "dev"
description = "A collection of framework independent HTTP protocol utils."
name = "httptools"
optional = false
python-versions = "*"
version = "0.1.1"

[package.extras]
test = ["Cython (0.29.14)"]

[[package]]
category = "main"
description = "The next generation HTTP client."
name = "httpx"
optional = false
python-versions = ">=3.6"
version = "0.15.4"

[package.dependencies]
certifi = "*"
httpcore = ">=0.11.0,<0.12.0"
sniffio = "*"

[package.dependencies.rfc3986]
extras = ["idna2008"]
version = ">=1.3,<2"

[package.extras]
brotli = ["brotlipy (>=0.7.0,<0.8.0)"]
http2 = ["h2 (>=3.0.0,<4.0.0)"]

[[package]]
category = "main"
description = "Internationalized Domain Names in Applications (IDNA)"
name = "idna"
optional = false
python-versions = ">=3.4"
version = "3.1"

[[package]]
category = "main"
description = "Immutable Collections"
marker = "python_version < \"3.7\""
name = "immutables"
optional = false
python-versions = ">=3.5"
version = "0.15"

[package.extras]
test = ["flake8 (>=3.8.4,<3.9.0)", "pycodestyle (>=2.6.0,<2.7.0)"]

[[package]]
category = "main"
description = "Read metadata from Python packages"
marker = "python_version < \"3.8\""
name = "importlib-metadata"
optional = false
python-versions = ">=3.6"
version = "3.7.0"

[package.dependencies]
zipp = ">=0.5"

[package.dependencies.typing-extensions]
python = "<3.8"
version = ">=3.6.4"

[package.extras]
docs = ["sphinx", "jaraco.packaging (>=8.2)", "rst.linker (>=1.9)"]
testing = ["pytest (>=3.5,<3.7.3 || >3.7.3)", "pytest-checkdocs (>=1.2.3)", "pytest-flake8", "pytest-cov", "pytest-enabler", "packaging", "pep517", "pyfakefs", "flufl.flake8", "pytest-black (>=0.3.7)", "pytest-mypy", "importlib-resources (>=1.3)"]

[[package]]
category = "main"
description = "iniconfig: brain-dead simple config-ini parsing"
name = "iniconfig"
optional = false
python-versions = "*"
version = "1.1.1"

[[package]]
category = "dev"
description = "multidict implementation"
name = "multidict"
optional = false
python-versions = ">=3.6"
version = "5.1.0"

[[package]]
category = "main"
description = "Core utilities for Python packages"
name = "packaging"
optional = false
python-versions = ">=2.7, !=3.0.*, !=3.1.*, !=3.2.*, !=3.3.*"
version = "20.9"

[package.dependencies]
pyparsing = ">=2.0.2"

[[package]]
category = "main"
description = "plugin and hook calling mechanisms for python"
name = "pluggy"
optional = false
python-versions = ">=2.7, !=3.0.*, !=3.1.*, !=3.2.*, !=3.3.*"
version = "0.13.1"

[package.dependencies]
[package.dependencies.importlib-metadata]
python = "<3.8"
version = ">=0.12"

[package.extras]
dev = ["pre-commit", "tox"]

[[package]]
category = "main"
description = "library with cross-python path, ini-parsing, io, code, log facilities"
name = "py"
optional = false
python-versions = ">=2.7, !=3.0.*, !=3.1.*, !=3.2.*, !=3.3.*"
version = "1.10.0"

[[package]]
category = "main"
description = "Python parsing module"
name = "pyparsing"
optional = false
python-versions = ">=2.6, !=3.0.*, !=3.1.*, !=3.2.*"
version = "2.4.7"

[[package]]
category = "main"
description = "pytest: simple powerful testing with Python"
name = "pytest"
optional = false
python-versions = ">=3.6"
version = "6.2.2"

[package.dependencies]
atomicwrites = ">=1.0"
attrs = ">=19.2.0"
colorama = "*"
iniconfig = "*"
packaging = "*"
pluggy = ">=0.12,<1.0.0a1"
py = ">=1.8.2"
toml = "*"

[package.dependencies.importlib-metadata]
python = "<3.8"
version = ">=0.12"

[package.extras]
testing = ["argcomplete", "hypothesis (>=3.56)", "mock", "nose", "requests", "xmlschema"]

[[package]]
category = "dev"
description = "Pytest plugin for measuring coverage."
name = "pytest-cov"
optional = false
python-versions = ">=2.7, !=3.0.*, !=3.1.*, !=3.2.*, !=3.3.*, !=3.4.*"
version = "2.11.1"

[package.dependencies]
coverage = ">=5.2.1"
pytest = ">=4.6"

[package.extras]
testing = ["fields", "hunter", "process-tests (2.0.2)", "six", "pytest-xdist", "virtualenv"]

[[package]]
category = "main"
description = "Validating URI References per RFC 3986"
name = "rfc3986"
optional = false
python-versions = "*"
version = "1.4.0"

[package.dependencies]
[package.dependencies.idna]
optional = true
version = "*"

[package.extras]
idna2008 = ["idna"]

[[package]]
category = "dev"
description = "A web server and web framework that's written to go fast. Build fast. Run fast."
name = "sanic"
optional = false
python-versions = ">=3.6"
version = "20.12.2"

[package.dependencies]
aiofiles = ">=0.6.0"
httptools = ">=0.0.10"
httpx = "0.15.4"
multidict = ">=5.0,<6.0"
ujson = ">=1.35"
uvloop = ">=0.5.3,<0.15.0"
websockets = ">=8.1,<9.0"

[package.extras]
all = ["pytest (5.2.1)", "multidict (>=5.0,<6.0)", "gunicorn (20.0.4)", "pytest-cov", "httpcore (>=0.11.0,<0.12.0)", "beautifulsoup4", "pytest-sanic", "pytest-sugar", "pytest-benchmark", "pytest-dependency", "aiofiles", "tox", "black", "flake8", "bandit", "towncrier", "sphinx (>=2.1.2)", "sphinx-rtd-theme", "recommonmark (>=0.5.0)", "docutils", "pygments", "uvloop (>=0.5.3,<0.15.0)", "ujson (>=1.35)"]
dev = ["pytest (5.2.1)", "multidict (>=5.0,<6.0)", "gunicorn (20.0.4)", "pytest-cov", "httpcore (>=0.11.0,<0.12.0)", "beautifulsoup4", "pytest-sanic", "pytest-sugar", "pytest-benchmark", "pytest-dependency", "aiofiles", "tox", "black", "flake8", "bandit", "towncrier", "uvloop (>=0.5.3,<0.15.0)", "ujson (>=1.35)"]
docs = ["sphinx (>=2.1.2)", "sphinx-rtd-theme", "recommonmark (>=0.5.0)", "docutils", "pygments"]
test = ["pytest (5.2.1)", "multidict (>=5.0,<6.0)", "gunicorn (20.0.4)", "pytest-cov", "httpcore (>=0.11.0,<0.12.0)", "beautifulsoup4", "pytest-sanic", "pytest-sugar", "pytest-benchmark", "pytest-dependency", "uvloop (>=0.5.3,<0.15.0)", "ujson (>=1.35)"]

[[package]]
category = "main"
description = "Sniff out which async library your code is running under"
name = "sniffio"
optional = false
python-versions = ">=3.5"
version = "1.2.0"

[package.dependencies]
[package.dependencies.contextvars]
python = "<3.7"
version = ">=2.1"

[[package]]
category = "main"
description = "Python Library for Tom's Obvious, Minimal Language"
name = "toml"
optional = false
python-versions = ">=2.6, !=3.0.*, !=3.1.*, !=3.2.*"
version = "0.10.2"

[[package]]
category = "main"
description = "Backported and Experimental Type Hints for Python 3.5+"
marker = "python_version < \"3.8\""
name = "typing-extensions"
optional = false
python-versions = "*"
version = "3.7.4.3"

[[package]]
category = "dev"
description = "Ultra fast JSON encoder and decoder for Python"
marker = "sys_platform != \"win32\" and implementation_name == \"cpython\""
name = "ujson"
optional = false
python-versions = ">=3.6"
version = "4.0.2"

[[package]]
category = "dev"
description = "Fast implementation of asyncio event loop on top of libuv"
marker = "sys_platform != \"win32\" and implementation_name == \"cpython\""
name = "uvloop"
optional = false
python-versions = "*"
version = "0.14.0"

[[package]]
category = "main"
description = "An implementation of the WebSocket Protocol (RFC 6455 & 7692)"
name = "websockets"
optional = false
python-versions = ">=3.6.1"
version = "8.1"

[[package]]
category = "main"
description = "Backport of pathlib-compatible object wrapper for zip files"
marker = "python_version < \"3.8\""
name = "zipp"
optional = false
python-versions = ">=3.6"
version = "3.4.0"

[package.extras]
docs = ["sphinx", "jaraco.packaging (>=3.2)", "rst.linker (>=1.9)"]
testing = ["pytest (>=3.5,<3.7.3 || >3.7.3)", "pytest-checkdocs (>=1.2.3)", "pytest-flake8", "pytest-cov", "jaraco.test (>=3.2.0)", "jaraco.itertools", "func-timeout", "pytest-black (>=0.3.7)", "pytest-mypy"]

[metadata]
content-hash = "84f1ddabf9e4a70eacfb0711d7bf0b0f8047d9612e6449133a1dd91506739046"
python-versions = "^3.6.1"

[metadata.files]
aiofiles = [
    {file = "aiofiles-0.6.0-py3-none-any.whl", hash = "sha256:bd3019af67f83b739f8e4053c6c0512a7f545b9a8d91aaeab55e6e0f9d123c27"},
    {file = "aiofiles-0.6.0.tar.gz", hash = "sha256:e0281b157d3d5d59d803e3f4557dcc9a3dff28a4dd4829a9ff478adae50ca092"},
]
async-generator = [
    {file = "async_generator-1.10-py3-none-any.whl", hash = "sha256:01c7bf666359b4967d2cda0000cc2e4af16a0ae098cbffcb8472fb9e8ad6585b"},
    {file = "async_generator-1.10.tar.gz", hash = "sha256:6ebb3d106c12920aaae42ccb6f787ef5eefdcdd166ea3d628fa8476abe712144"},
]
atomicwrites = [
    {file = "atomicwrites-1.4.0-py2.py3-none-any.whl", hash = "sha256:6d1784dea7c0c8d4a5172b6c620f40b6e4cbfdf96d783691f2e1302a7b88e197"},
    {file = "atomicwrites-1.4.0.tar.gz", hash = "sha256:ae70396ad1a434f9c7046fd2dd196fc04b12f9e91ffb859164193be8b6168a7a"},
]
attrs = [
    {file = "attrs-20.3.0-py2.py3-none-any.whl", hash = "sha256:31b2eced602aa8423c2aea9c76a724617ed67cf9513173fd3a4f03e3a929c7e6"},
    {file = "attrs-20.3.0.tar.gz", hash = "sha256:832aa3cde19744e49938b91fea06d69ecb9e649c93ba974535d08ad92164f700"},
]
certifi = [
    {file = "certifi-2020.12.5-py2.py3-none-any.whl", hash = "sha256:719a74fb9e33b9bd44cc7f3a8d94bc35e4049deebe19ba7d8e108280cfd59830"},
    {file = "certifi-2020.12.5.tar.gz", hash = "sha256:1a4995114262bffbc2413b159f2a1a480c969de6e6eb13ee966d470af86af59c"},
]
colorama = [
    {file = "colorama-0.4.4-py2.py3-none-any.whl", hash = "sha256:9f47eda37229f68eee03b24b9748937c7dc3868f906e8ba69fbcbdd3bc5dc3e2"},
    {file = "colorama-0.4.4.tar.gz", hash = "sha256:5941b2b48a20143d2267e95b1c2a7603ce057ee39fd88e7329b0c292aa16869b"},
]
contextvars = [
    {file = "contextvars-2.4.tar.gz", hash = "sha256:f38c908aaa59c14335eeea12abea5f443646216c4e29380d7bf34d2018e2c39e"},
]
coverage = [
    {file = "coverage-5.4-cp27-cp27m-macosx_10_9_x86_64.whl", hash = "sha256:6d9c88b787638a451f41f97446a1c9fd416e669b4d9717ae4615bd29de1ac135"},
    {file = "coverage-5.4-cp27-cp27m-manylinux1_i686.whl", hash = "sha256:66a5aae8233d766a877c5ef293ec5ab9520929c2578fd2069308a98b7374ea8c"},
    {file = "coverage-5.4-cp27-cp27m-manylinux1_x86_64.whl", hash = "sha256:9754a5c265f991317de2bac0c70a746efc2b695cf4d49f5d2cddeac36544fb44"},
    {file = "coverage-5.4-cp27-cp27m-manylinux2010_i686.whl", hash = "sha256:fbb17c0d0822684b7d6c09915677a32319f16ff1115df5ec05bdcaaee40b35f3"},
    {file = "coverage-5.4-cp27-cp27m-manylinux2010_x86_64.whl", hash = "sha256:b7f7421841f8db443855d2854e25914a79a1ff48ae92f70d0a5c2f8907ab98c9"},
    {file = "coverage-5.4-cp27-cp27m-win32.whl", hash = "sha256:4a780807e80479f281d47ee4af2eb2df3e4ccf4723484f77da0bb49d027e40a1"},
    {file = "coverage-5.4-cp27-cp27m-win_amd64.whl", hash = "sha256:87c4b38288f71acd2106f5d94f575bc2136ea2887fdb5dfe18003c881fa6b370"},
    {file = "coverage-5.4-cp27-cp27mu-manylinux1_i686.whl", hash = "sha256:c6809ebcbf6c1049002b9ac09c127ae43929042ec1f1dbd8bb1615f7cd9f70a0"},
    {file = "coverage-5.4-cp27-cp27mu-manylinux1_x86_64.whl", hash = "sha256:ba7ca81b6d60a9f7a0b4b4e175dcc38e8fef4992673d9d6e6879fd6de00dd9b8"},
    {file = "coverage-5.4-cp27-cp27mu-manylinux2010_i686.whl", hash = "sha256:89fc12c6371bf963809abc46cced4a01ca4f99cba17be5e7d416ed7ef1245d19"},
    {file = "coverage-5.4-cp27-cp27mu-manylinux2010_x86_64.whl", hash = "sha256:4a8eb7785bd23565b542b01fb39115a975fefb4a82f23d407503eee2c0106247"},
    {file = "coverage-5.4-cp35-cp35m-macosx_10_9_x86_64.whl", hash = "sha256:7e40d3f8eb472c1509b12ac2a7e24158ec352fc8567b77ab02c0db053927e339"},
    {file = "coverage-5.4-cp35-cp35m-manylinux1_i686.whl", hash = "sha256:1ccae21a076d3d5f471700f6d30eb486da1626c380b23c70ae32ab823e453337"},
    {file = "coverage-5.4-cp35-cp35m-manylinux1_x86_64.whl", hash = "sha256:755c56beeacac6a24c8e1074f89f34f4373abce8b662470d3aa719ae304931f3"},
    {file = "coverage-5.4-cp35-cp35m-manylinux2010_i686.whl", hash = "sha256:322549b880b2d746a7672bf6ff9ed3f895e9c9f108b714e7360292aa5c5d7cf4"},
    {file = "coverage-5.4-cp35-cp35m-manylinux2010_x86_64.whl", hash = "sha256:60a3307a84ec60578accd35d7f0c71a3a971430ed7eca6567399d2b50ef37b8c"},
    {file = "coverage-5.4-cp35-cp35m-win32.whl", hash = "sha256:1375bb8b88cb050a2d4e0da901001347a44302aeadb8ceb4b6e5aa373b8ea68f"},
    {file = "coverage-5.4-cp35-cp35m-win_amd64.whl", hash = "sha256:16baa799ec09cc0dcb43a10680573269d407c159325972dd7114ee7649e56c66"},
    {file = "coverage-5.4-cp36-cp36m-macosx_10_9_x86_64.whl", hash = "sha256:2f2cf7a42d4b7654c9a67b9d091ec24374f7c58794858bff632a2039cb15984d"},
    {file = "coverage-5.4-cp36-cp36m-manylinux1_i686.whl", hash = "sha256:b62046592b44263fa7570f1117d372ae3f310222af1fc1407416f037fb3af21b"},
    {file = "coverage-5.4-cp36-cp36m-manylinux1_x86_64.whl", hash = "sha256:812eaf4939ef2284d29653bcfee9665f11f013724f07258928f849a2306ea9f9"},
    {file = "coverage-5.4-cp36-cp36m-manylinux2010_i686.whl", hash = "sha256:859f0add98707b182b4867359e12bde806b82483fb12a9ae868a77880fc3b7af"},
    {file = "coverage-5.4-cp36-cp36m-manylinux2010_x86_64.whl", hash = "sha256:04b14e45d6a8e159c9767ae57ecb34563ad93440fc1b26516a89ceb5b33c1ad5"},
    {file = "coverage-5.4-cp36-cp36m-win32.whl", hash = "sha256:ebfa374067af240d079ef97b8064478f3bf71038b78b017eb6ec93ede1b6bcec"},
    {file = "coverage-5.4-cp36-cp36m-win_amd64.whl", hash = "sha256:84df004223fd0550d0ea7a37882e5c889f3c6d45535c639ce9802293b39cd5c9"},
    {file = "coverage-5.4-cp37-cp37m-macosx_10_9_x86_64.whl", hash = "sha256:1b811662ecf72eb2d08872731636aee6559cae21862c36f74703be727b45df90"},
    {file = "coverage-5.4-cp37-cp37m-manylinux1_i686.whl", hash = "sha256:6b588b5cf51dc0fd1c9e19f622457cc74b7d26fe295432e434525f1c0fae02bc"},
    {file = "coverage-5.4-cp37-cp37m-manylinux1_x86_64.whl", hash = "sha256:3fe50f1cac369b02d34ad904dfe0771acc483f82a1b54c5e93632916ba847b37"},
    {file = "coverage-5.4-cp37-cp37m-manylinux2010_i686.whl", hash = "sha256:32ab83016c24c5cf3db2943286b85b0a172dae08c58d0f53875235219b676409"},
    {file = "coverage-5.4-cp37-cp37m-manylinux2010_x86_64.whl", hash = "sha256:68fb816a5dd901c6aff352ce49e2a0ffadacdf9b6fae282a69e7a16a02dad5fb"},
    {file = "coverage-5.4-cp37-cp37m-win32.whl", hash = "sha256:a636160680c6e526b84f85d304e2f0bb4e94f8284dd765a1911de9a40450b10a"},
    {file = "coverage-5.4-cp37-cp37m-win_amd64.whl", hash = "sha256:bb32ca14b4d04e172c541c69eec5f385f9a075b38fb22d765d8b0ce3af3a0c22"},
    {file = "coverage-5.4-cp38-cp38-macosx_10_9_x86_64.whl", hash = "sha256:6c4d7165a4e8f41eca6b990c12ee7f44fef3932fac48ca32cecb3a1b2223c21f"},
    {file = "coverage-5.4-cp38-cp38-manylinux1_i686.whl", hash = "sha256:a565f48c4aae72d1d3d3f8e8fb7218f5609c964e9c6f68604608e5958b9c60c3"},
    {file = "coverage-5.4-cp38-cp38-manylinux1_x86_64.whl", hash = "sha256:fff1f3a586246110f34dc762098b5afd2de88de507559e63553d7da643053786"},
    {file = "coverage-5.4-cp38-cp38-manylinux2010_i686.whl", hash = "sha256:a839e25f07e428a87d17d857d9935dd743130e77ff46524abb992b962eb2076c"},
    {file = "coverage-5.4-cp38-cp38-manylinux2010_x86_64.whl", hash = "sha256:6625e52b6f346a283c3d563d1fd8bae8956daafc64bb5bbd2b8f8a07608e3994"},
    {file = "coverage-5.4-cp38-cp38-win32.whl", hash = "sha256:5bee3970617b3d74759b2d2df2f6a327d372f9732f9ccbf03fa591b5f7581e39"},
    {file = "coverage-5.4-cp38-cp38-win_amd64.whl", hash = "sha256:03ed2a641e412e42cc35c244508cf186015c217f0e4d496bf6d7078ebe837ae7"},
    {file = "coverage-5.4-cp39-cp39-macosx_10_9_x86_64.whl", hash = "sha256:14a9f1887591684fb59fdba8feef7123a0da2424b0652e1b58dd5b9a7bb1188c"},
    {file = "coverage-5.4-cp39-cp39-manylinux1_i686.whl", hash = "sha256:9564ac7eb1652c3701ac691ca72934dd3009997c81266807aef924012df2f4b3"},
    {file = "coverage-5.4-cp39-cp39-manylinux1_x86_64.whl", hash = "sha256:0f48fc7dc82ee14aeaedb986e175a429d24129b7eada1b7e94a864e4f0644dde"},
    {file = "coverage-5.4-cp39-cp39-manylinux2010_i686.whl", hash = "sha256:107d327071061fd4f4a2587d14c389a27e4e5c93c7cba5f1f59987181903902f"},
    {file = "coverage-5.4-cp39-cp39-manylinux2010_x86_64.whl", hash = "sha256:0cdde51bfcf6b6bd862ee9be324521ec619b20590787d1655d005c3fb175005f"},
    {file = "coverage-5.4-cp39-cp39-win32.whl", hash = "sha256:c67734cff78383a1f23ceba3b3239c7deefc62ac2b05fa6a47bcd565771e5880"},
    {file = "coverage-5.4-cp39-cp39-win_amd64.whl", hash = "sha256:c669b440ce46ae3abe9b2d44a913b5fd86bb19eb14a8701e88e3918902ecd345"},
    {file = "coverage-5.4-pp36-none-any.whl", hash = "sha256:c0ff1c1b4d13e2240821ef23c1efb1f009207cb3f56e16986f713c2b0e7cd37f"},
    {file = "coverage-5.4-pp37-none-any.whl", hash = "sha256:cd601187476c6bed26a0398353212684c427e10a903aeafa6da40c63309d438b"},
    {file = "coverage-5.4.tar.gz", hash = "sha256:6d2e262e5e8da6fa56e774fb8e2643417351427604c2b177f8e8c5f75fc928ca"},
]
h11 = [
    {file = "h11-0.9.0-py2.py3-none-any.whl", hash = "sha256:4bc6d6a1238b7615b266ada57e0618568066f57dd6fa967d1290ec9309b2f2f1"},
    {file = "h11-0.9.0.tar.gz", hash = "sha256:33d4bca7be0fa039f4e84d50ab00531047e53d6ee8ffbc83501ea602c169cae1"},
]
httpcore = [
    {file = "httpcore-0.11.1-py3-none-any.whl", hash = "sha256:72cfaa461dbdc262943ff4c9abf5b195391a03cdcc152e636adb4239b15e77e1"},
    {file = "httpcore-0.11.1.tar.gz", hash = "sha256:a35dddd1f4cc34ff37788337ef507c0ad0276241ece6daf663ac9e77c0b87232"},
]
httptools = [
    {file = "httptools-0.1.1-cp35-cp35m-macosx_10_13_x86_64.whl", hash = "sha256:a2719e1d7a84bb131c4f1e0cb79705034b48de6ae486eb5297a139d6a3296dce"},
    {file = "httptools-0.1.1-cp35-cp35m-manylinux1_x86_64.whl", hash = "sha256:fa3cd71e31436911a44620473e873a256851e1f53dee56669dae403ba41756a4"},
    {file = "httptools-0.1.1-cp36-cp36m-macosx_10_13_x86_64.whl", hash = "sha256:86c6acd66765a934e8730bf0e9dfaac6fdcf2a4334212bd4a0a1c78f16475ca6"},
    {file = "httptools-0.1.1-cp36-cp36m-manylinux1_x86_64.whl", hash = "sha256:bc3114b9edbca5a1eb7ae7db698c669eb53eb8afbbebdde116c174925260849c"},
    {file = "httptools-0.1.1-cp36-cp36m-win_amd64.whl", hash = "sha256:ac0aa11e99454b6a66989aa2d44bca41d4e0f968e395a0a8f164b401fefe359a"},
    {file = "httptools-0.1.1-cp37-cp37m-macosx_10_13_x86_64.whl", hash = "sha256:96da81e1992be8ac2fd5597bf0283d832287e20cb3cfde8996d2b00356d4e17f"},
    {file = "httptools-0.1.1-cp37-cp37m-manylinux1_x86_64.whl", hash = "sha256:56b6393c6ac7abe632f2294da53f30d279130a92e8ae39d8d14ee2e1b05ad1f2"},
    {file = "httptools-0.1.1-cp37-cp37m-win_amd64.whl", hash = "sha256:96eb359252aeed57ea5c7b3d79839aaa0382c9d3149f7d24dd7172b1bcecb009"},
    {file = "httptools-0.1.1-cp38-cp38-macosx_10_13_x86_64.whl", hash = "sha256:fea04e126014169384dee76a153d4573d90d0cbd1d12185da089f73c78390437"},
    {file = "httptools-0.1.1-cp38-cp38-manylinux1_x86_64.whl", hash = "sha256:3592e854424ec94bd17dc3e0c96a64e459ec4147e6d53c0a42d0ebcef9cb9c5d"},
    {file = "httptools-0.1.1-cp38-cp38-win_amd64.whl", hash = "sha256:0a4b1b2012b28e68306575ad14ad5e9120b34fccd02a81eb08838d7e3bbb48be"},
    {file = "httptools-0.1.1.tar.gz", hash = "sha256:41b573cf33f64a8f8f3400d0a7faf48e1888582b6f6e02b82b9bd4f0bf7497ce"},
]
httpx = [
    {file = "httpx-0.15.4-py3-none-any.whl", hash = "sha256:7b3c07bfdcdadd92020dd4c07b15932abdcf1c898422a4e98de3d19b2223310b"},
    {file = "httpx-0.15.4.tar.gz", hash = "sha256:4c81dbf98a29cb4f51f415140df56542f9d4860798d713e336642e953cddd1db"},
]
idna = [
    {file = "idna-3.1-py3-none-any.whl", hash = "sha256:5205d03e7bcbb919cc9c19885f9920d622ca52448306f2377daede5cf3faac16"},
    {file = "idna-3.1.tar.gz", hash = "sha256:c5b02147e01ea9920e6b0a3f1f7bb833612d507592c837a6c49552768f4054e1"},
]
immutables = [
    {file = "immutables-0.15-cp35-cp35m-macosx_10_14_x86_64.whl", hash = "sha256:6728f4392e3e8e64b593a5a0cd910a1278f07f879795517e09f308daed138631"},
    {file = "immutables-0.15-cp35-cp35m-manylinux1_x86_64.whl", hash = "sha256:f0836cd3bdc37c8a77b192bbe5f41dbcc3ce654db048ebbba89bdfe6db7a1c7a"},
    {file = "immutables-0.15-cp36-cp36m-macosx_10_14_x86_64.whl", hash = "sha256:8703d8abfd8687932f2a05f38e7de270c3a6ca3bd1c1efb3c938656b3f2f985a"},
    {file = "immutables-0.15-cp36-cp36m-manylinux1_x86_64.whl", hash = "sha256:b8ad986f9b532c026f19585289384b0769188fcb68b37c7f0bd0df9092a6ca54"},
    {file = "immutables-0.15-cp36-cp36m-win_amd64.whl", hash = "sha256:6f117d9206165b9dab8fd81c5129db757d1a044953f438654236ed9a7a4224ae"},
    {file = "immutables-0.15-cp37-cp37m-macosx_10_14_x86_64.whl", hash = "sha256:b75ade826920c4e490b1bb14cf967ac14e61eb7c5562161c5d7337d61962c226"},
    {file = "immutables-0.15-cp37-cp37m-manylinux1_x86_64.whl", hash = "sha256:b7e13c061785e34f73c4f659861f1b3e4a5fd918e4395c84b21c4e3d449ebe27"},
    {file = "immutables-0.15-cp37-cp37m-win_amd64.whl", hash = "sha256:3035849accee4f4e510ed7c94366a40e0f5fef9069fbe04a35f4787b13610a4a"},
    {file = "immutables-0.15-cp38-cp38-macosx_10_14_x86_64.whl", hash = "sha256:b04fa69174e0c8f815f9c55f2a43fc9e5a68452fab459a08e904a74e8471639f"},
    {file = "immutables-0.15-cp38-cp38-manylinux1_x86_64.whl", hash = "sha256:141c2e9ea515a3a815007a429f0b47a578ebeb42c831edaec882a245a35fffca"},
    {file = "immutables-0.15-cp38-cp38-win_amd64.whl", hash = "sha256:cbe8c64640637faa5535d539421b293327f119c31507c33ca880bd4f16035eb6"},
    {file = "immutables-0.15-cp39-cp39-macosx_10_14_x86_64.whl", hash = "sha256:a0a4e4417d5ef4812d7f99470cd39347b58cb927365dd2b8da9161040d260db0"},
    {file = "immutables-0.15-cp39-cp39-manylinux1_x86_64.whl", hash = "sha256:3b15c08c71c59e5b7c2470ef949d49ff9f4263bb77f488422eaa157da84d6999"},
    {file = "immutables-0.15-cp39-cp39-win_amd64.whl", hash = "sha256:2283a93c151566e6830aee0e5bee55fc273455503b43aa004356b50f9182092b"},
    {file = "immutables-0.15.tar.gz", hash = "sha256:3713ab1ebbb6946b7ce1387bb9d1d7f5e09c45add58c2a2ee65f963c171e746b"},
]
importlib-metadata = [
    {file = "importlib_metadata-3.7.0-py3-none-any.whl", hash = "sha256:c6af5dbf1126cd959c4a8d8efd61d4d3c83bddb0459a17e554284a077574b614"},
    {file = "importlib_metadata-3.7.0.tar.gz", hash = "sha256:24499ffde1b80be08284100393955842be4a59c7c16bbf2738aad0e464a8e0aa"},
]
iniconfig = [
    {file = "iniconfig-1.1.1-py2.py3-none-any.whl", hash = "sha256:011e24c64b7f47f6ebd835bb12a743f2fbe9a26d4cecaa7f53bc4f35ee9da8b3"},
    {file = "iniconfig-1.1.1.tar.gz", hash = "sha256:bc3af051d7d14b2ee5ef9969666def0cd1a000e121eaea580d4a313df4b37f32"},
]
multidict = [
    {file = "multidict-5.1.0-cp36-cp36m-macosx_10_14_x86_64.whl", hash = "sha256:b7993704f1a4b204e71debe6095150d43b2ee6150fa4f44d6d966ec356a8d61f"},
    {file = "multidict-5.1.0-cp36-cp36m-manylinux1_i686.whl", hash = "sha256:9dd6e9b1a913d096ac95d0399bd737e00f2af1e1594a787e00f7975778c8b2bf"},
    {file = "multidict-5.1.0-cp36-cp36m-manylinux2014_aarch64.whl", hash = "sha256:f21756997ad8ef815d8ef3d34edd98804ab5ea337feedcd62fb52d22bf531281"},
    {file = "multidict-5.1.0-cp36-cp36m-manylinux2014_i686.whl", hash = "sha256:1ab820665e67373de5802acae069a6a05567ae234ddb129f31d290fc3d1aa56d"},
    {file = "multidict-5.1.0-cp36-cp36m-manylinux2014_ppc64le.whl", hash = "sha256:9436dc58c123f07b230383083855593550c4d301d2532045a17ccf6eca505f6d"},
    {file = "multidict-5.1.0-cp36-cp36m-manylinux2014_s390x.whl", hash = "sha256:830f57206cc96ed0ccf68304141fec9481a096c4d2e2831f311bde1c404401da"},
    {file = "multidict-5.1.0-cp36-cp36m-manylinux2014_x86_64.whl", hash = "sha256:2e68965192c4ea61fff1b81c14ff712fc7dc15d2bd120602e4a3494ea6584224"},
    {file = "multidict-5.1.0-cp36-cp36m-win32.whl", hash = "sha256:2f1a132f1c88724674271d636e6b7351477c27722f2ed789f719f9e3545a3d26"},
    {file = "multidict-5.1.0-cp36-cp36m-win_amd64.whl", hash = "sha256:3a4f32116f8f72ecf2a29dabfb27b23ab7cdc0ba807e8459e59a93a9be9506f6"},
    {file = "multidict-5.1.0-cp37-cp37m-macosx_10_14_x86_64.whl", hash = "sha256:46c73e09ad374a6d876c599f2328161bcd95e280f84d2060cf57991dec5cfe76"},
    {file = "multidict-5.1.0-cp37-cp37m-manylinux1_i686.whl", hash = "sha256:018132dbd8688c7a69ad89c4a3f39ea2f9f33302ebe567a879da8f4ca73f0d0a"},
    {file = "multidict-5.1.0-cp37-cp37m-manylinux2014_aarch64.whl", hash = "sha256:4b186eb7d6ae7c06eb4392411189469e6a820da81447f46c0072a41c748ab73f"},
    {file = "multidict-5.1.0-cp37-cp37m-manylinux2014_i686.whl", hash = "sha256:3a041b76d13706b7fff23b9fc83117c7b8fe8d5fe9e6be45eee72b9baa75f348"},
    {file = "multidict-5.1.0-cp37-cp37m-manylinux2014_ppc64le.whl", hash = "sha256:051012ccee979b2b06be928a6150d237aec75dd6bf2d1eeeb190baf2b05abc93"},
    {file = "multidict-5.1.0-cp37-cp37m-manylinux2014_s390x.whl", hash = "sha256:6a4d5ce640e37b0efcc8441caeea8f43a06addace2335bd11151bc02d2ee31f9"},
    {file = "multidict-5.1.0-cp37-cp37m-manylinux2014_x86_64.whl", hash = "sha256:5cf3443199b83ed9e955f511b5b241fd3ae004e3cb81c58ec10f4fe47c7dce37"},
    {file = "multidict-5.1.0-cp37-cp37m-win32.whl", hash = "sha256:f200755768dc19c6f4e2b672421e0ebb3dd54c38d5a4f262b872d8cfcc9e93b5"},
    {file = "multidict-5.1.0-cp37-cp37m-win_amd64.whl", hash = "sha256:05c20b68e512166fddba59a918773ba002fdd77800cad9f55b59790030bab632"},
    {file = "multidict-5.1.0-cp38-cp38-macosx_10_14_x86_64.whl", hash = "sha256:54fd1e83a184e19c598d5e70ba508196fd0bbdd676ce159feb412a4a6664f952"},
    {file = "multidict-5.1.0-cp38-cp38-manylinux1_i686.whl", hash = "sha256:0e3c84e6c67eba89c2dbcee08504ba8644ab4284863452450520dad8f1e89b79"},
    {file = "multidict-5.1.0-cp38-cp38-manylinux2014_aarch64.whl", hash = "sha256:dc862056f76443a0db4509116c5cd480fe1b6a2d45512a653f9a855cc0517456"},
    {file = "multidict-5.1.0-cp38-cp38-manylinux2014_i686.whl", hash = "sha256:0e929169f9c090dae0646a011c8b058e5e5fb391466016b39d21745b48817fd7"},
    {file = "multidict-5.1.0-cp38-cp38-manylinux2014_ppc64le.whl", hash = "sha256:d81eddcb12d608cc08081fa88d046c78afb1bf8107e6feab5d43503fea74a635"},
    {file = "multidict-5.1.0-cp38-cp38-manylinux2014_s390x.whl", hash = "sha256:585fd452dd7782130d112f7ddf3473ffdd521414674c33876187e101b588738a"},
    {file = "multidict-5.1.0-cp38-cp38-manylinux2014_x86_64.whl", hash = "sha256:37e5438e1c78931df5d3c0c78ae049092877e5e9c02dd1ff5abb9cf27a5914ea"},
    {file = "multidict-5.1.0-cp38-cp38-win32.whl", hash = "sha256:07b42215124aedecc6083f1ce6b7e5ec5b50047afa701f3442054373a6deb656"},
    {file = "multidict-5.1.0-cp38-cp38-win_amd64.whl", hash = "sha256:929006d3c2d923788ba153ad0de8ed2e5ed39fdbe8e7be21e2f22ed06c6783d3"},
    {file = "multidict-5.1.0-cp39-cp39-macosx_10_14_x86_64.whl", hash = "sha256:b797515be8743b771aa868f83563f789bbd4b236659ba52243b735d80b29ed93"},
    {file = "multidict-5.1.0-cp39-cp39-manylinux1_i686.whl", hash = "sha256:d5c65bdf4484872c4af3150aeebe101ba560dcfb34488d9a8ff8dbcd21079647"},
    {file = "multidict-5.1.0-cp39-cp39-manylinux2014_aarch64.whl", hash = "sha256:b47a43177a5e65b771b80db71e7be76c0ba23cc8aa73eeeb089ed5219cdbe27d"},
    {file = "multidict-5.1.0-cp39-cp39-manylinux2014_i686.whl", hash = "sha256:806068d4f86cb06af37cd65821554f98240a19ce646d3cd24e1c33587f313eb8"},
    {file = "multidict-5.1.0-cp39-cp39-manylinux2014_ppc64le.whl", hash = "sha256:46dd362c2f045095c920162e9307de5ffd0a1bfbba0a6e990b344366f55a30c1"},
    {file = "multidict-5.1.0-cp39-cp39-manylinux2014_s390x.whl", hash = "sha256:ace010325c787c378afd7f7c1ac66b26313b3344628652eacd149bdd23c68841"},
    {file = "multidict-5.1.0-cp39-cp39-manylinux2014_x86_64.whl", hash = "sha256:ecc771ab628ea281517e24fd2c52e8f31c41e66652d07599ad8818abaad38cda"},
    {file = "multidict-5.1.0-cp39-cp39-win32.whl", hash = "sha256:fc13a9524bc18b6fb6e0dbec3533ba0496bbed167c56d0aabefd965584557d80"},
    {file = "multidict-5.1.0-cp39-cp39-win_amd64.whl", hash = "sha256:7df80d07818b385f3129180369079bd6934cf70469f99daaebfac89dca288359"},
    {file = "multidict-5.1.0.tar.gz", hash = "sha256:25b4e5f22d3a37ddf3effc0710ba692cfc792c2b9edfb9c05aefe823256e84d5"},
]
packaging = [
    {file = "packaging-20.9-py2.py3-none-any.whl", hash = "sha256:67714da7f7bc052e064859c05c595155bd1ee9f69f76557e21f051443c20947a"},
    {file = "packaging-20.9.tar.gz", hash = "sha256:5b327ac1320dc863dca72f4514ecc086f31186744b84a230374cc1fd776feae5"},
]
pluggy = [
    {file = "pluggy-0.13.1-py2.py3-none-any.whl", hash = "sha256:966c145cd83c96502c3c3868f50408687b38434af77734af1e9ca461a4081d2d"},
    {file = "pluggy-0.13.1.tar.gz", hash = "sha256:15b2acde666561e1298d71b523007ed7364de07029219b604cf808bfa1c765b0"},
]
py = [
    {file = "py-1.10.0-py2.py3-none-any.whl", hash = "sha256:3b80836aa6d1feeaa108e046da6423ab8f6ceda6468545ae8d02d9d58d18818a"},
    {file = "py-1.10.0.tar.gz", hash = "sha256:21b81bda15b66ef5e1a777a21c4dcd9c20ad3efd0b3f817e7a809035269e1bd3"},
]
pyparsing = [
    {file = "pyparsing-2.4.7-py2.py3-none-any.whl", hash = "sha256:ef9d7589ef3c200abe66653d3f1ab1033c3c419ae9b9bdb1240a85b024efc88b"},
    {file = "pyparsing-2.4.7.tar.gz", hash = "sha256:c203ec8783bf771a155b207279b9bccb8dea02d8f0c9e5f8ead507bc3246ecc1"},
]
pytest = [
    {file = "pytest-6.2.2-py3-none-any.whl", hash = "sha256:b574b57423e818210672e07ca1fa90aaf194a4f63f3ab909a2c67ebb22913839"},
    {file = "pytest-6.2.2.tar.gz", hash = "sha256:9d1edf9e7d0b84d72ea3dbcdfd22b35fb543a5e8f2a60092dd578936bf63d7f9"},
]
pytest-cov = [
    {file = "pytest-cov-2.11.1.tar.gz", hash = "sha256:359952d9d39b9f822d9d29324483e7ba04a3a17dd7d05aa6beb7ea01e359e5f7"},
    {file = "pytest_cov-2.11.1-py2.py3-none-any.whl", hash = "sha256:bdb9fdb0b85a7cc825269a4c56b48ccaa5c7e365054b6038772c32ddcdc969da"},
]
rfc3986 = [
    {file = "rfc3986-1.4.0-py2.py3-none-any.whl", hash = "sha256:af9147e9aceda37c91a05f4deb128d4b4b49d6b199775fd2d2927768abdc8f50"},
    {file = "rfc3986-1.4.0.tar.gz", hash = "sha256:112398da31a3344dc25dbf477d8df6cb34f9278a94fee2625d89e4514be8bb9d"},
]
sanic = [
    {file = "sanic-20.12.2-py3-none-any.whl", hash = "sha256:9f01a3ebfe4bf6c57e164bfa1b66c977cb47421e54ae91cc04173cfc711891ce"},
    {file = "sanic-20.12.2.tar.gz", hash = "sha256:b9d7e24cd293c126f6f4aaf26fcc3b11e35338b86e8c2693b71d05196e7b02b0"},
]
sniffio = [
    {file = "sniffio-1.2.0-py3-none-any.whl", hash = "sha256:471b71698eac1c2112a40ce2752bb2f4a4814c22a54a3eed3676bc0f5ca9f663"},
    {file = "sniffio-1.2.0.tar.gz", hash = "sha256:c4666eecec1d3f50960c6bdf61ab7bc350648da6c126e3cf6898d8cd4ddcd3de"},
]
toml = [
    {file = "toml-0.10.2-py2.py3-none-any.whl", hash = "sha256:806143ae5bfb6a3c6e736a764057db0e6a0e05e338b5630894a5f779cabb4f9b"},
    {file = "toml-0.10.2.tar.gz", hash = "sha256:b3bda1d108d5dd99f4a20d24d9c348e91c4db7ab1b749200bded2f839ccbe68f"},
]
typing-extensions = [
    {file = "typing_extensions-3.7.4.3-py2-none-any.whl", hash = "sha256:dafc7639cde7f1b6e1acc0f457842a83e722ccca8eef5270af2d74792619a89f"},
    {file = "typing_extensions-3.7.4.3-py3-none-any.whl", hash = "sha256:7cb407020f00f7bfc3cb3e7881628838e69d8f3fcab2f64742a5e76b2f841918"},
    {file = "typing_extensions-3.7.4.3.tar.gz", hash = "sha256:99d4073b617d30288f569d3f13d2bd7548c3a7e4c8de87db09a9d29bb3a4a60c"},
]
ujson = [
    {file = "ujson-4.0.2-cp36-cp36m-macosx_10_14_x86_64.whl", hash = "sha256:e390df0dcc7897ffb98e17eae1f4c442c39c91814c298ad84d935a3c5c7a32fa"},
    {file = "ujson-4.0.2-cp36-cp36m-manylinux1_i686.whl", hash = "sha256:84b1dca0d53b0a8d58835f72ea2894e4d6cf7a5dd8f520ab4cbd698c81e49737"},
    {file = "ujson-4.0.2-cp36-cp36m-manylinux1_x86_64.whl", hash = "sha256:91396a585ba51f84dc71c8da60cdc86de6b60ba0272c389b6482020a1fac9394"},
    {file = "ujson-4.0.2-cp36-cp36m-manylinux2014_aarch64.whl", hash = "sha256:eb6b25a7670c7537a5998e695fa62ff13c7f9c33faf82927adf4daa460d5f62e"},
    {file = "ujson-4.0.2-cp36-cp36m-win_amd64.whl", hash = "sha256:f8aded54c2bc554ce20b397f72101737dd61ee7b81c771684a7dd7805e6cca0c"},
    {file = "ujson-4.0.2-cp37-cp37m-macosx_10_14_x86_64.whl", hash = "sha256:30962467c36ff6de6161d784cd2a6aac1097f0128b522d6e9291678e34fb2b47"},
    {file = "ujson-4.0.2-cp37-cp37m-manylinux1_i686.whl", hash = "sha256:fc51e545d65689c398161f07fd405104956ec27f22453de85898fa088b2cd4bb"},
    {file = "ujson-4.0.2-cp37-cp37m-manylinux1_x86_64.whl", hash = "sha256:e6e90330670c78e727d6637bb5a215d3e093d8e3570d439fd4922942f88da361"},
    {file = "ujson-4.0.2-cp37-cp37m-manylinux2014_aarch64.whl", hash = "sha256:5e1636b94c7f1f59a8ead4c8a7bab1b12cc52d4c21ababa295ffec56b445fd2a"},
    {file = "ujson-4.0.2-cp37-cp37m-win_amd64.whl", hash = "sha256:e2cadeb0ddc98e3963bea266cc5b884e5d77d73adf807f0bda9eca64d1c509d5"},
    {file = "ujson-4.0.2-cp38-cp38-macosx_10_14_x86_64.whl", hash = "sha256:a214ba5a21dad71a43c0f5aef917cd56a2d70bc974d845be211c66b6742a471c"},
    {file = "ujson-4.0.2-cp38-cp38-manylinux1_i686.whl", hash = "sha256:0190d26c0e990c17ad072ec8593647218fe1c675d11089cd3d1440175b568967"},
    {file = "ujson-4.0.2-cp38-cp38-manylinux1_x86_64.whl", hash = "sha256:f273a875c0b42c2a019c337631bc1907f6fdfbc84210cc0d1fff0e2019bbfaec"},
    {file = "ujson-4.0.2-cp38-cp38-manylinux2014_aarch64.whl", hash = "sha256:d3a87888c40b5bfcf69b4030427cd666893e826e82cc8608d1ba8b4b5e04ea99"},
    {file = "ujson-4.0.2-cp38-cp38-win_amd64.whl", hash = "sha256:7333e8bc45ea28c74ae26157eacaed5e5629dbada32e0103c23eb368f93af108"},
    {file = "ujson-4.0.2-cp39-cp39-macosx_10_14_x86_64.whl", hash = "sha256:b3a6dcc660220539aa718bcc9dbd6dedf2a01d19c875d1033f028f212e36d6bb"},
    {file = "ujson-4.0.2-cp39-cp39-manylinux1_i686.whl", hash = "sha256:0ea07fe57f9157118ca689e7f6db72759395b99121c0ff038d2e38649c626fb1"},
    {file = "ujson-4.0.2-cp39-cp39-manylinux1_x86_64.whl", hash = "sha256:4d6d061563470cac889c0a9fd367013a5dbd8efc36ad01ab3e67a57e56cad720"},
    {file = "ujson-4.0.2-cp39-cp39-manylinux2014_aarch64.whl", hash = "sha256:b5c70704962cf93ec6ea3271a47d952b75ae1980d6c56b8496cec2a722075939"},
    {file = "ujson-4.0.2-cp39-cp39-win_amd64.whl", hash = "sha256:aad6d92f4d71e37ea70e966500f1951ecd065edca3a70d3861b37b176dd6702c"},
    {file = "ujson-4.0.2.tar.gz", hash = "sha256:c615a9e9e378a7383b756b7e7a73c38b22aeb8967a8bfbffd4741f7ffd043c4d"},
]
uvloop = [
    {file = "uvloop-0.14.0-cp35-cp35m-macosx_10_11_x86_64.whl", hash = "sha256:08b109f0213af392150e2fe6f81d33261bb5ce968a288eb698aad4f46eb711bd"},
    {file = "uvloop-0.14.0-cp35-cp35m-manylinux2010_x86_64.whl", hash = "sha256:4544dcf77d74f3a84f03dd6278174575c44c67d7165d4c42c71db3fdc3860726"},
    {file = "uvloop-0.14.0-cp36-cp36m-macosx_10_11_x86_64.whl", hash = "sha256:b4f591aa4b3fa7f32fb51e2ee9fea1b495eb75b0b3c8d0ca52514ad675ae63f7"},
    {file = "uvloop-0.14.0-cp36-cp36m-manylinux2010_x86_64.whl", hash = "sha256:f07909cd9fc08c52d294b1570bba92186181ca01fe3dc9ffba68955273dd7362"},
    {file = "uvloop-0.14.0-cp37-cp37m-macosx_10_11_x86_64.whl", hash = "sha256:afd5513c0ae414ec71d24f6f123614a80f3d27ca655a4fcf6cabe50994cc1891"},
    {file = "uvloop-0.14.0-cp37-cp37m-manylinux2010_x86_64.whl", hash = "sha256:e7514d7a48c063226b7d06617cbb12a14278d4323a065a8d46a7962686ce2e95"},
    {file = "uvloop-0.14.0-cp38-cp38-macosx_10_11_x86_64.whl", hash = "sha256:bcac356d62edd330080aed082e78d4b580ff260a677508718f88016333e2c9c5"},
    {file = "uvloop-0.14.0-cp38-cp38-manylinux2010_x86_64.whl", hash = "sha256:4315d2ec3ca393dd5bc0b0089d23101276778c304d42faff5dc4579cb6caef09"},
    {file = "uvloop-0.14.0.tar.gz", hash = "sha256:123ac9c0c7dd71464f58f1b4ee0bbd81285d96cdda8bc3519281b8973e3a461e"},
]
websockets = [
    {file = "websockets-8.1-cp36-cp36m-macosx_10_6_intel.whl", hash = "sha256:3762791ab8b38948f0c4d281c8b2ddfa99b7e510e46bd8dfa942a5fff621068c"},
    {file = "websockets-8.1-cp36-cp36m-manylinux1_i686.whl", hash = "sha256:3db87421956f1b0779a7564915875ba774295cc86e81bc671631379371af1170"},
    {file = "websockets-8.1-cp36-cp36m-manylinux1_x86_64.whl", hash = "sha256:4f9f7d28ce1d8f1295717c2c25b732c2bc0645db3215cf757551c392177d7cb8"},
    {file = "websockets-8.1-cp36-cp36m-manylinux2010_i686.whl", hash = "sha256:295359a2cc78736737dd88c343cd0747546b2174b5e1adc223824bcaf3e164cb"},
    {file = "websockets-8.1-cp36-cp36m-manylinux2010_x86_64.whl", hash = "sha256:1d3f1bf059d04a4e0eb4985a887d49195e15ebabc42364f4eb564b1d065793f5"},
    {file = "websockets-8.1-cp36-cp36m-win32.whl", hash = "sha256:2db62a9142e88535038a6bcfea70ef9447696ea77891aebb730a333a51ed559a"},
    {file = "websockets-8.1-cp36-cp36m-win_amd64.whl", hash = "sha256:0e4fb4de42701340bd2353bb2eee45314651caa6ccee80dbd5f5d5978888fed5"},
    {file = "websockets-8.1-cp37-cp37m-macosx_10_6_intel.whl", hash = "sha256:9b248ba3dd8a03b1a10b19efe7d4f7fa41d158fdaa95e2cf65af5a7b95a4f989"},
    {file = "websockets-8.1-cp37-cp37m-manylinux1_i686.whl", hash = "sha256:ce85b06a10fc65e6143518b96d3dca27b081a740bae261c2fb20375801a9d56d"},
    {file = "websockets-8.1-cp37-cp37m-manylinux1_x86_64.whl", hash = "sha256:965889d9f0e2a75edd81a07592d0ced54daa5b0785f57dc429c378edbcffe779"},
    {file = "websockets-8.1-cp37-cp37m-manylinux2010_i686.whl", hash = "sha256:751a556205d8245ff94aeef23546a1113b1dd4f6e4d102ded66c39b99c2ce6c8"},
    {file = "websockets-8.1-cp37-cp37m-manylinux2010_x86_64.whl", hash = "sha256:3ef56fcc7b1ff90de46ccd5a687bbd13a3180132268c4254fc0fa44ecf4fc422"},
    {file = "websockets-8.1-cp37-cp37m-win32.whl", hash = "sha256:7ff46d441db78241f4c6c27b3868c9ae71473fe03341340d2dfdbe8d79310acc"},
    {file = "websockets-8.1-cp37-cp37m-win_amd64.whl", hash = "sha256:20891f0dddade307ffddf593c733a3fdb6b83e6f9eef85908113e628fa5a8308"},
    {file = "websockets-8.1-cp38-cp38-macosx_10_9_x86_64.whl", hash = "sha256:c1ec8db4fac31850286b7cd3b9c0e1b944204668b8eb721674916d4e28744092"},
    {file = "websockets-8.1-cp38-cp38-manylinux1_i686.whl", hash = "sha256:5c01fd846263a75bc8a2b9542606927cfad57e7282965d96b93c387622487485"},
    {file = "websockets-8.1-cp38-cp38-manylinux1_x86_64.whl", hash = "sha256:9bef37ee224e104a413f0780e29adb3e514a5b698aabe0d969a6ba426b8435d1"},
    {file = "websockets-8.1-cp38-cp38-manylinux2010_i686.whl", hash = "sha256:d705f8aeecdf3262379644e4b55107a3b55860eb812b673b28d0fbc347a60c55"},
    {file = "websockets-8.1-cp38-cp38-manylinux2010_x86_64.whl", hash = "sha256:c8a116feafdb1f84607cb3b14aa1418424ae71fee131642fc568d21423b51824"},
    {file = "websockets-8.1-cp38-cp38-win32.whl", hash = "sha256:e898a0863421650f0bebac8ba40840fc02258ef4714cb7e1fd76b6a6354bda36"},
    {file = "websockets-8.1-cp38-cp38-win_amd64.whl", hash = "sha256:f8a7bff6e8664afc4e6c28b983845c5bc14965030e3fb98789734d416af77c4b"},
    {file = "websockets-8.1.tar.gz", hash = "sha256:5c65d2da8c6bce0fca2528f69f44b2f977e06954c8512a952222cea50dad430f"},
]
zipp = [
    {file = "zipp-3.4.0-py3-none-any.whl", hash = "sha256:102c24ef8f171fd729d46599845e95c7ab894a4cf45f5de11a44cc7444fb1108"},
    {file = "zipp-3.4.0.tar.gz", hash = "sha256:ed5eee1974372595f9e416cc7bbeeb12335201d8081ca8a0743c954d4446e5cb"},
]
